{
  "requires": true,
  "lockfileVersion": 1,
  "dependencies": {
    "@types/msgpack-lite": {
      "version": "0.1.6",
      "resolved": "https://registry.npmjs.org/@types/msgpack-lite/-/msgpack-lite-0.1.6.tgz",
      "integrity": "sha512-Y9GFyM8qt5p7p+HtM9rsSAnle4ZmcpNAhbaFQyj1XzaHgEVCYgRNJiCeGxf5Jf81/a/G1o+LuGDE3mvLosU2MA==",
      "requires": {
        "@types/node": "*"
      }
    },
    "@types/node": {
      "version": "12.7.5",
      "resolved": "https://registry.npmjs.org/@types/node/-/node-12.7.5.tgz",
      "integrity": "sha512-9fq4jZVhPNW8r+UYKnxF1e2HkDWOWKM5bC2/7c9wPV835I0aOrVbS/Hw/pWPk2uKrNXQqg9Z959Kz+IYDd5p3w=="
    },
    "async-limiter": {
      "version": "1.0.1",
      "resolved": "https://registry.npmjs.org/async-limiter/-/async-limiter-1.0.1.tgz",
      "integrity": "sha512-csOlWGAcRFJaI6m+F2WKdnMKr4HhdhFVBk0H/QbJFMCr+uO2kwohwXQPxw/9OCxp05r5ghVBFSyioixx3gfkNQ=="
    },
    "coc-ccls": {
      "version": "0.0.4",
      "resolved": "https://registry.npmjs.org/coc-ccls/-/coc-ccls-0.0.4.tgz",
      "integrity": "sha512-jBDBWxeFjm/mvpLNyQJPFqDUbxtLn3fg1DpWDPFzIvD3ehFNY1VKMKia1v5ms2aJgoOmN5wfW74NTdzDaIW25Q==",
      "requires": {
        "@types/msgpack-lite": "^0.1.6",
        "tslib": "^1.9.3",
        "vscode-uri": "^1.0.6",
        "ws": "^6.1.4"
      }
    },
    "tslib": {
      "version": "1.10.0",
      "resolved": "https://registry.npmjs.org/tslib/-/tslib-1.10.0.tgz",
      "integrity": "sha512-qOebF53frne81cf0S9B41ByenJ3/IuH8yJKngAX35CmiZySA0khhkovshKK+jGCaMnVomla7gVlIcc3EvKPbTQ=="
    },
    "vscode-uri": {
      "version": "1.0.8",
      "resolved": "https://registry.npmjs.org/vscode-uri/-/vscode-uri-1.0.8.tgz",
      "integrity": "sha512-obtSWTlbJ+a+TFRYGaUumtVwb+InIUVI0Lu0VBUAPmj2cU5JutEXg3xUE0c2J5Tcy7h2DEKVJBFi+Y9ZSFzzPQ=="
    },
    "ws": {
      "version": "6.2.1",
      "resolved": "https://registry.npmjs.org/ws/-/ws-6.2.1.tgz",
      "integrity": "sha512-GIyAXC2cB7LjvpgMt9EKS2ldqr0MTrORaleiOno6TweZ6r3TKtoFQWay/2PceJ3RuBasOHzXNn5Lrw1X0bEjqA==",
      "requires": {
        "async-limiter": "~1.0.0"
      }
    }
  }
}
